# This file is automatically @generated by Cargo.
# It is not intended for manual editing.
version = 3

[[package]]
name = "hello-ipl3font"
version = "0.1.0"
dependencies = [
 "n64lib",
]

[[package]]
name = "libm"
version = "0.2.6"
source = "registry+https://github.com/rust-lang/crates.io-index"
checksum = "348108ab3fba42ec82ff6e9564fc4ca0247bdccdc68dd8af9764bbc79c3c8ffb"

[[package]]
name = "n64lib"
version = "0.1.0"
dependencies = [
 "rrt0",
]

[[package]]
name = "rrt0"
version = "0.4.0"
dependencies = [
 "libm",
]
